{
  "nodes": {
    "home-manager": {
      "inputs": {
        "nixpkgs": [
          "nixpkgs"
        ]
      },
      "locked": {
        "lastModified": 1719180626,
        "narHash": "sha256-vZAzm5KQpR6RGple1dzmSJw5kPivES2heCFM+ZWkt0I=",
        "owner": "nix-community",
        "repo": "home-manager",
        "rev": "6b1f90a8ff92e81638ae6eb48cd62349c3e387bb",
        "type": "github"
      },
      "original": {
        "owner": "nix-community",
        "repo": "home-manager",
        "type": "github"
      }
    },
    "nixpkgs": {
      "locked": {
        "lastModified": 1719075281,
        "narHash": "sha256-CyyxvOwFf12I91PBWz43iGT1kjsf5oi6ax7CrvaMyAo=",
        "owner": "nixos",
        "repo": "nixpkgs",
        "rev": "a71e967ef3694799d0c418c98332f7ff4cc5f6af",
        "type": "github"
      },
      "original": {
        "owner": "nixos",
        "ref": "nixos-unstable",
        "repo": "nixpkgs",
        "type": "github"
      }
    },
    "root": {
      "inputs": {
        "home-manager": "home-manager",
        "nixpkgs": "nixpkgs"
      }
    }
  },
  "root": "root",
  "version": 7
}
