{
  "nodes": {
    "home-manager": {
      "inputs": {
        "nixpkgs": [
          "nixpkgs"
        ]
      },
      "locked": {
        "lastModified": 1681765172,
        "narHash": "sha256-BbI9rihPWc6hvrbu9B6EtOetRSHMp0IiwlCVFIKcmMk=",
        "owner": "nix-community",
        "repo": "home-manager",
        "rev": "58b8685e47ce54b298c40aff7877ea9b875de0e6",
        "type": "github"
      },
      "original": {
        "owner": "nix-community",
        "repo": "home-manager",
        "type": "github"
      }
    },
    "nixpkgs": {
      "locked": {
        "lastModified": 1681737997,
        "narHash": "sha256-pHhjgsIkRMu80LmVe8QoKIZB6VZGRRxFmIvsC5S89k4=",
        "owner": "nixos",
        "repo": "nixpkgs",
        "rev": "f00994e78cd39e6fc966f0c4103f908e63284780",
        "type": "github"
      },
      "original": {
        "owner": "nixos",
        "ref": "nixos-unstable",
        "repo": "nixpkgs",
        "type": "github"
      }
    },
    "root": {
      "inputs": {
        "home-manager": "home-manager",
        "nixpkgs": "nixpkgs"
      }
    }
  },
  "root": "root",
  "version": 7
}
