{
  "nodes": {
    "flake-compat": {
      "flake": false,
      "locked": {
        "lastModified": 1673956053,
        "narHash": "sha256-4gtG9iQuiKITOjNQQeQIpoIB6b16fm+504Ch3sNKLd8=",
        "owner": "edolstra",
        "repo": "flake-compat",
        "rev": "35bb57c0c8d8b62bbfd284272c928ceb64ddbde9",
        "type": "github"
      },
      "original": {
        "owner": "edolstra",
        "repo": "flake-compat",
        "type": "github"
      }
    },
    "flake-utils": {
      "inputs": {
        "systems": "systems"
      },
      "locked": {
        "lastModified": 1681202837,
        "narHash": "sha256-H+Rh19JDwRtpVPAWp64F+rlEtxUWBAQW28eAi3SRSzg=",
        "owner": "numtide",
        "repo": "flake-utils",
        "rev": "cfacdce06f30d2b68473a46042957675eebb3401",
        "type": "github"
      },
      "original": {
        "owner": "numtide",
        "repo": "flake-utils",
        "type": "github"
      }
    },
    "home-manager": {
      "inputs": {
        "nixpkgs": [
          "nixpkgs"
        ]
      },
      "locked": {
        "lastModified": 1682779989,
        "narHash": "sha256-H8AjcIBYFYrlRobYJ+n1B+ZJ6TsaaeZpuLn4iRqVvr4=",
        "owner": "nix-community",
        "repo": "home-manager",
        "rev": "3144311f31194b537808ae6848f86f3dbf977d59",
        "type": "github"
      },
      "original": {
        "owner": "nix-community",
        "repo": "home-manager",
        "type": "github"
      }
    },
    "nix-shell-locked": {
      "inputs": {
        "flake-compat": "flake-compat",
        "flake-utils": "flake-utils",
        "nixpkgs": "nixpkgs"
      },
      "locked": {
        "lastModified": 1682848752,
        "narHash": "sha256-mPXvKpHoztbEMTWj1AtOe+pD60SBTKznN4o+Mepx9is=",
        "owner": "gridbugs",
        "repo": "nix-shell-locked",
        "rev": "be5f6d717ef083d9e4f390400a18a9c9e6e54b36",
        "type": "github"
      },
      "original": {
        "owner": "gridbugs",
        "repo": "nix-shell-locked",
        "type": "github"
      }
    },
    "nixpkgs": {
      "locked": {
        "lastModified": 1682692304,
        "narHash": "sha256-9/lyXN2BpHw+1xE+D2ySBSLMCHWqiWu5tPHBMRDib8M=",
        "owner": "NixOS",
        "repo": "nixpkgs",
        "rev": "937a9d1ee7b1351d8c55fff6611a8edf6e7c1c37",
        "type": "github"
      },
      "original": {
        "owner": "NixOS",
        "ref": "nixos-unstable",
        "repo": "nixpkgs",
        "type": "github"
      }
    },
    "nixpkgs_2": {
      "locked": {
        "lastModified": 1682692304,
        "narHash": "sha256-9/lyXN2BpHw+1xE+D2ySBSLMCHWqiWu5tPHBMRDib8M=",
        "owner": "nixos",
        "repo": "nixpkgs",
        "rev": "937a9d1ee7b1351d8c55fff6611a8edf6e7c1c37",
        "type": "github"
      },
      "original": {
        "owner": "nixos",
        "ref": "nixos-unstable",
        "repo": "nixpkgs",
        "type": "github"
      }
    },
    "root": {
      "inputs": {
        "home-manager": "home-manager",
        "nix-shell-locked": "nix-shell-locked",
        "nixpkgs": "nixpkgs_2"
      }
    },
    "systems": {
      "locked": {
        "lastModified": 1681028828,
        "narHash": "sha256-Vy1rq5AaRuLzOxct8nz4T6wlgyUR7zLU309k9mBC768=",
        "owner": "nix-systems",
        "repo": "default",
        "rev": "da67096a3b9bf56a91d16901293e51ba5b49a27e",
        "type": "github"
      },
      "original": {
        "owner": "nix-systems",
        "repo": "default",
        "type": "github"
      }
    }
  },
  "root": "root",
  "version": 7
}
